
Microsoft Visual Studio Solution File, Format Version 12.00
# Visual Studio 2013
VisualStudioVersion = 12.0.30723.0
MinimumVisualStudioVersion = 10.0.40219.1
Project("{FAE04EC0-301F-11D3-BF4B-00C04F79EFBC}") = "MineBlock", "MineBlock\MineBlock\MineBlock.csproj", "{1FD33A2F-0048-4D4C-B1C7-F25DE4E1DCBD}"
EndProject
Project("{FAE04EC0-301F-11D3-BF4B-00C04F79EFBC}") = "MineBlockContent", "MineBlock\MineBlockContent\MineBlockContent.contentproj", "{023191BD-90AE-40FA-BB8E-E2645E3F1739}"
EndProject
Global
	GlobalSection(SolutionConfigurationPlatforms) = preSolution
		Debug|Mixed Platforms = Debug|Mixed Platforms
		Debug|x86 = Debug|x86
		Debug|Xbox 360 = Debug|Xbox 360
		Release|Mixed Platforms = Release|Mixed Platforms
		Release|x86 = Release|x86
		Release|Xbox 360 = Release|Xbox 360
	EndGlobalSection
	GlobalSection(ProjectConfigurationPlatforms) = postSolution
		{1FD33A2F-0048-4D4C-B1C7-F25DE4E1DCBD}.Debug|Mixed Platforms.ActiveCfg = Debug|x86
		{1FD33A2F-0048-4D4C-B1C7-F25DE4E1DCBD}.Debug|Mixed Platforms.Build.0 = Debug|x86
		{1FD33A2F-0048-4D4C-B1C7-F25DE4E1DCBD}.Debug|x86.ActiveCfg = Debug|x86
		{1FD33A2F-0048-4D4C-B1C7-F25DE4E1DCBD}.Debug|x86.Build.0 = Debug|x86
		{1FD33A2F-0048-4D4C-B1C7-F25DE4E1DCBD}.Debug|Xbox 360.ActiveCfg = Debug|x86
		{1FD33A2F-0048-4D4C-B1C7-F25DE4E1DCBD}.Debug|Xbox 360.Build.0 = Debug|x86
		{1FD33A2F-0048-4D4C-B1C7-F25DE4E1DCBD}.Release|Mixed Platforms.ActiveCfg = Release|x86
		{1FD33A2F-0048-4D4C-B1C7-F25DE4E1DCBD}.Release|Mixed Platforms.Build.0 = Release|x86
		{1FD33A2F-0048-4D4C-B1C7-F25DE4E1DCBD}.Release|x86.ActiveCfg = Release|x86
		{1FD33A2F-0048-4D4C-B1C7-F25DE4E1DCBD}.Release|x86.Build.0 = Release|x86
		{1FD33A2F-0048-4D4C-B1C7-F25DE4E1DCBD}.Release|Xbox 360.ActiveCfg = Release|x86
		{1FD33A2F-0048-4D4C-B1C7-F25DE4E1DCBD}.Release|Xbox 360.Build.0 = Release|x86
		{023191BD-90AE-40FA-BB8E-E2645E3F1739}.Debug|Mixed Platforms.ActiveCfg = Debug|x86
		{023191BD-90AE-40FA-BB8E-E2645E3F1739}.Debug|x86.ActiveCfg = Debug|x86
		{023191BD-90AE-40FA-BB8E-E2645E3F1739}.Debug|Xbox 360.ActiveCfg = Debug|x86
		{023191BD-90AE-40FA-BB8E-E2645E3F1739}.Release|Mixed Platforms.ActiveCfg = Release|x86
		{023191BD-90AE-40FA-BB8E-E2645E3F1739}.Release|x86.ActiveCfg = Release|x86
		{023191BD-90AE-40FA-BB8E-E2645E3F1739}.Release|Xbox 360.ActiveCfg = Release|x86
	EndGlobalSection
	GlobalSection(SolutionProperties) = preSolution
		HideSolutionNode = FALSE
	EndGlobalSection
EndGlobal
